
Microsoft Visual Studio Solution File, Format Version 12.00
# Visual Studio Version 17
VisualStudioVersion = 17.9.34723.18
MinimumVisualStudioVersion = 10.0.40219.1
Project("{FAE04EC0-301F-11D3-BF4B-00C04F79EFBC}") = "FinalProject.Web", "FinalProject.Web\FinalProject.Web.csproj", "{BAD2974C-A534-4CCF-8489-D365EFE6B820}"
EndProject
Global
	GlobalSection(SolutionConfigurationPlatforms) = preSolution
		Debug|Any CPU = Debug|Any CPU
		Release|Any CPU = Release|Any CPU
	EndGlobalSection
	GlobalSection(ProjectConfigurationPlatforms) = postSolution
		{BAD2974C-A534-4CCF-8489-D365EFE6B820}.Debug|Any CPU.ActiveCfg = Debug|Any CPU
		{BAD2974C-A534-4CCF-8489-D365EFE6B820}.Debug|Any CPU.Build.0 = Debug|Any CPU
		{BAD2974C-A534-4CCF-8489-D365EFE6B820}.Release|Any CPU.ActiveCfg = Release|Any CPU
		{BAD2974C-A534-4CCF-8489-D365EFE6B820}.Release|Any CPU.Build.0 = Release|Any CPU
	EndGlobalSection
	GlobalSection(SolutionProperties) = preSolution
		HideSolutionNode = FALSE
	EndGlobalSection
	GlobalSection(ExtensibilityGlobals) = postSolution
		SolutionGuid = {57C242FD-D56D-4298-BFB8-55C14E3776EC}
	EndGlobalSection
EndGlobal
